
Microsoft Visual Studio Solution File, Format Version 12.00
# Visual Studio Version 16
VisualStudioVersion = 16.0.29209.62
MinimumVisualStudioVersion = 10.0.40219.1
Project("{FAE04EC0-301F-11D3-BF4B-00C04F79EFBC}") = "myShop", "myShop\myShop.csproj", "{3FDBD2D5-6197-4E8F-87C2-DCD979C8EA9D}"
EndProject
Global
	GlobalSection(SolutionConfigurationPlatforms) = preSolution
		Debug|Any CPU = Debug|Any CPU
		Release|Any CPU = Release|Any CPU
	EndGlobalSection
	GlobalSection(ProjectConfigurationPlatforms) = postSolution
		{3FDBD2D5-6197-4E8F-87C2-DCD979C8EA9D}.Debug|Any CPU.ActiveCfg = Debug|Any CPU
		{3FDBD2D5-6197-4E8F-87C2-DCD979C8EA9D}.Debug|Any CPU.Build.0 = Debug|Any CPU
		{3FDBD2D5-6197-4E8F-87C2-DCD979C8EA9D}.Release|Any CPU.ActiveCfg = Release|Any CPU
		{3FDBD2D5-6197-4E8F-87C2-DCD979C8EA9D}.Release|Any CPU.Build.0 = Release|Any CPU
	EndGlobalSection
	GlobalSection(SolutionProperties) = preSolution
		HideSolutionNode = FALSE
	EndGlobalSection
	GlobalSection(ExtensibilityGlobals) = postSolution
		SolutionGuid = {A2FF5F20-1DC6-412F-80A3-5AAB219D9280}
	EndGlobalSection
EndGlobal
